
Microsoft Visual Studio Solution File, Format Version 12.00
Project("{FAE04EC0-301F-11D3-BF4B-00C04F79EFBC}") = "GISClient", "GISClient\GISClient.csproj", "{B61C0B73-D253-4858-A48D-D43C3AC5F0E7}"
EndProject
Global
	GlobalSection(SolutionConfigurationPlatforms) = preSolution
		Debug|Any CPU = Debug|Any CPU
		Release|Any CPU = Release|Any CPU
	EndGlobalSection
	GlobalSection(ProjectConfigurationPlatforms) = postSolution
		{B61C0B73-D253-4858-A48D-D43C3AC5F0E7}.Debug|Any CPU.ActiveCfg = Debug|Any CPU
		{B61C0B73-D253-4858-A48D-D43C3AC5F0E7}.Debug|Any CPU.Build.0 = Debug|Any CPU
		{B61C0B73-D253-4858-A48D-D43C3AC5F0E7}.Release|Any CPU.ActiveCfg = Release|Any CPU
		{B61C0B73-D253-4858-A48D-D43C3AC5F0E7}.Release|Any CPU.Build.0 = Release|Any CPU
	EndGlobalSection
EndGlobal
